
Microsoft Visual Studio Solution File, Format Version 12.00
# Visual Studio Version 17
VisualStudioVersion = 17.11.35327.3
MinimumVisualStudioVersion = 10.0.40219.1
Project("{2150E333-8FDC-42A3-9474-1A3956D46DE8}") = "Src", "Src", "{7AFC6960-B152-4887-803B-B63F98940A2B}"
EndProject
Project("{2150E333-8FDC-42A3-9474-1A3956D46DE8}") = "Backend", "Backend", "{B4391662-8EAA-43A6-8340-D89C55CB8D45}"
EndProject
Project("{2150E333-8FDC-42A3-9474-1A3956D46DE8}") = "Frontend", "Frontend", "{7614AFF8-BD7C-4F00-91F2-66F43863F84E}"
EndProject
Project("{2150E333-8FDC-42A3-9474-1A3956D46DE8}") = "Shared", "Shared", "{3B010F15-08B8-4970-8183-238C0F3FFAF8}"
EndProject
Project("{FAE04EC0-301F-11D3-BF4B-00C04F79EFBC}") = "XmlCore.DataAccess", "Src\Backend\XmlCore.DataAccess\XmlCore.DataAccess.csproj", "{A5CF5467-889A-4E9B-A3A6-00FB534227FD}"
EndProject
Project("{FAE04EC0-301F-11D3-BF4B-00C04F79EFBC}") = "XmlCore.Shared", "Src\Shared\XmlCore.Shared\XmlCore.Shared.csproj", "{7EDC23C3-531C-4288-8581-087A9BD62AAE}"
EndProject
Project("{FAE04EC0-301F-11D3-BF4B-00C04F79EFBC}") = "XmlCore.API", "Src\Backend\XmlCore.API\XmlCore.API.csproj", "{A81F944E-4B1A-469B-A2B7-7A06121CAC63}"
EndProject
Project("{FAE04EC0-301F-11D3-BF4B-00C04F79EFBC}") = "XmlCore.Client", "Src\Frontend\XmlCore.Client\XmlCore.Client.csproj", "{5DF4FBAF-A9AB-4F33-8C95-6D09B4F013F5}"
EndProject
Global
	GlobalSection(SolutionConfigurationPlatforms) = preSolution
		Debug|Any CPU = Debug|Any CPU
		Release|Any CPU = Release|Any CPU
	EndGlobalSection
	GlobalSection(ProjectConfigurationPlatforms) = postSolution
		{A5CF5467-889A-4E9B-A3A6-00FB534227FD}.Debug|Any CPU.ActiveCfg = Debug|Any CPU
		{A5CF5467-889A-4E9B-A3A6-00FB534227FD}.Debug|Any CPU.Build.0 = Debug|Any CPU
		{A5CF5467-889A-4E9B-A3A6-00FB534227FD}.Release|Any CPU.ActiveCfg = Release|Any CPU
		{A5CF5467-889A-4E9B-A3A6-00FB534227FD}.Release|Any CPU.Build.0 = Release|Any CPU
		{7EDC23C3-531C-4288-8581-087A9BD62AAE}.Debug|Any CPU.ActiveCfg = Debug|Any CPU
		{7EDC23C3-531C-4288-8581-087A9BD62AAE}.Debug|Any CPU.Build.0 = Debug|Any CPU
		{7EDC23C3-531C-4288-8581-087A9BD62AAE}.Release|Any CPU.ActiveCfg = Release|Any CPU
		{7EDC23C3-531C-4288-8581-087A9BD62AAE}.Release|Any CPU.Build.0 = Release|Any CPU
		{A81F944E-4B1A-469B-A2B7-7A06121CAC63}.Debug|Any CPU.ActiveCfg = Debug|Any CPU
		{A81F944E-4B1A-469B-A2B7-7A06121CAC63}.Debug|Any CPU.Build.0 = Debug|Any CPU
		{A81F944E-4B1A-469B-A2B7-7A06121CAC63}.Release|Any CPU.ActiveCfg = Release|Any CPU
		{A81F944E-4B1A-469B-A2B7-7A06121CAC63}.Release|Any CPU.Build.0 = Release|Any CPU
		{5DF4FBAF-A9AB-4F33-8C95-6D09B4F013F5}.Debug|Any CPU.ActiveCfg = Debug|Any CPU
		{5DF4FBAF-A9AB-4F33-8C95-6D09B4F013F5}.Debug|Any CPU.Build.0 = Debug|Any CPU
		{5DF4FBAF-A9AB-4F33-8C95-6D09B4F013F5}.Release|Any CPU.ActiveCfg = Release|Any CPU
		{5DF4FBAF-A9AB-4F33-8C95-6D09B4F013F5}.Release|Any CPU.Build.0 = Release|Any CPU
	EndGlobalSection
	GlobalSection(SolutionProperties) = preSolution
		HideSolutionNode = FALSE
	EndGlobalSection
	GlobalSection(NestedProjects) = preSolution
		{B4391662-8EAA-43A6-8340-D89C55CB8D45} = {7AFC6960-B152-4887-803B-B63F98940A2B}
		{7614AFF8-BD7C-4F00-91F2-66F43863F84E} = {7AFC6960-B152-4887-803B-B63F98940A2B}
		{3B010F15-08B8-4970-8183-238C0F3FFAF8} = {7AFC6960-B152-4887-803B-B63F98940A2B}
		{A5CF5467-889A-4E9B-A3A6-00FB534227FD} = {B4391662-8EAA-43A6-8340-D89C55CB8D45}
		{7EDC23C3-531C-4288-8581-087A9BD62AAE} = {3B010F15-08B8-4970-8183-238C0F3FFAF8}
		{A81F944E-4B1A-469B-A2B7-7A06121CAC63} = {B4391662-8EAA-43A6-8340-D89C55CB8D45}
		{5DF4FBAF-A9AB-4F33-8C95-6D09B4F013F5} = {7614AFF8-BD7C-4F00-91F2-66F43863F84E}
	EndGlobalSection
	GlobalSection(ExtensibilityGlobals) = postSolution
		SolutionGuid = {E2925A1A-D892-4035-B2D9-262D175A0AA6}
	EndGlobalSection
EndGlobal
